
Microsoft Visual Studio Solution File, Format Version 12.00
# Visual Studio 15
VisualStudioVersion = 15.0.27703.2042
MinimumVisualStudioVersion = 10.0.40219.1
Project("{FAE04EC0-301F-11D3-BF4B-00C04F79EFBC}") = "ventascatalogo.Android", "ventascatalogo\ventascatalogo.Android\ventascatalogo.Android.csproj", "{CDB068E5-D9CC-4C71-B5B5-DCC12791D8D3}"
EndProject
Project("{FAE04EC0-301F-11D3-BF4B-00C04F79EFBC}") = "ventascatalogo.iOS", "ventascatalogo\ventascatalogo.iOS\ventascatalogo.iOS.csproj", "{CFB88CE0-75AF-4F7E-B36F-498F9A6D1FB2}"
EndProject
Project("{FAE04EC0-301F-11D3-BF4B-00C04F79EFBC}") = "ventascatalogo.UWP", "ventascatalogo\ventascatalogo.UWP\ventascatalogo.UWP.csproj", "{6A60D7AD-8371-4DC1-8119-19CC17A2511E}"
EndProject
Project("{FAE04EC0-301F-11D3-BF4B-00C04F79EFBC}") = "ventascatalogo", "ventascatalogo\ventascatalogo\ventascatalogo.csproj", "{C33916B7-F469-4C7A-859F-7CC60E5DA9CA}"
EndProject
Project("{FAE04EC0-301F-11D3-BF4B-00C04F79EFBC}") = "ventascatalogo.Backend", "ventascatalogo.Backend\ventascatalogo.Backend.csproj", "{CBDEE47D-CA25-4DB4-B93D-B6C815CDCBBF}"
EndProject
Project("{FAE04EC0-301F-11D3-BF4B-00C04F79EFBC}") = "ventascatalogo.API", "ventascatalogo.API\ventascatalogo.API.csproj", "{78096952-2D9C-4023-A913-1C47F90FBCF6}"
EndProject
Project("{FAE04EC0-301F-11D3-BF4B-00C04F79EFBC}") = "ventascatalogo.Domain", "ventascatalogo.Domain\ventascatalogo.Domain.csproj", "{7066EFB1-E5D3-408B-86A6-2A1393B2CE58}"
EndProject
Project("{FAE04EC0-301F-11D3-BF4B-00C04F79EFBC}") = "ventascatalogo.Common", "ventascatalogo.Common\ventascatalogo.Common.csproj", "{056BDACD-327D-4825-BF9E-267BBB590C30}"
EndProject
Global
	GlobalSection(SolutionConfigurationPlatforms) = preSolution
		Ad-Hoc|Any CPU = Ad-Hoc|Any CPU
		Ad-Hoc|ARM = Ad-Hoc|ARM
		Ad-Hoc|iPhone = Ad-Hoc|iPhone
		Ad-Hoc|iPhoneSimulator = Ad-Hoc|iPhoneSimulator
		Ad-Hoc|x64 = Ad-Hoc|x64
		Ad-Hoc|x86 = Ad-Hoc|x86
		AppStore|Any CPU = AppStore|Any CPU
		AppStore|ARM = AppStore|ARM
		AppStore|iPhone = AppStore|iPhone
		AppStore|iPhoneSimulator = AppStore|iPhoneSimulator
		AppStore|x64 = AppStore|x64
		AppStore|x86 = AppStore|x86
		Debug|Any CPU = Debug|Any CPU
		Debug|ARM = Debug|ARM
		Debug|iPhone = Debug|iPhone
		Debug|iPhoneSimulator = Debug|iPhoneSimulator
		Debug|x64 = Debug|x64
		Debug|x86 = Debug|x86
		Release|Any CPU = Release|Any CPU
		Release|ARM = Release|ARM
		Release|iPhone = Release|iPhone
		Release|iPhoneSimulator = Release|iPhoneSimulator
		Release|x64 = Release|x64
		Release|x86 = Release|x86
	EndGlobalSection
	GlobalSection(ProjectConfigurationPlatforms) = postSolution
		{CDB068E5-D9CC-4C71-B5B5-DCC12791D8D3}.Ad-Hoc|Any CPU.ActiveCfg = Release|Any CPU
		{CDB068E5-D9CC-4C71-B5B5-DCC12791D8D3}.Ad-Hoc|Any CPU.Build.0 = Release|Any CPU
		{CDB068E5-D9CC-4C71-B5B5-DCC12791D8D3}.Ad-Hoc|Any CPU.Deploy.0 = Release|Any CPU
		{CDB068E5-D9CC-4C71-B5B5-DCC12791D8D3}.Ad-Hoc|ARM.ActiveCfg = Release|Any CPU
		{CDB068E5-D9CC-4C71-B5B5-DCC12791D8D3}.Ad-Hoc|ARM.Build.0 = Release|Any CPU
		{CDB068E5-D9CC-4C71-B5B5-DCC12791D8D3}.Ad-Hoc|ARM.Deploy.0 = Release|Any CPU
		{CDB068E5-D9CC-4C71-B5B5-DCC12791D8D3}.Ad-Hoc|iPhone.ActiveCfg = Release|Any CPU
		{CDB068E5-D9CC-4C71-B5B5-DCC12791D8D3}.Ad-Hoc|iPhone.Build.0 = Release|Any CPU
		{CDB068E5-D9CC-4C71-B5B5-DCC12791D8D3}.Ad-Hoc|iPhone.Deploy.0 = Release|Any CPU
		{CDB068E5-D9CC-4C71-B5B5-DCC12791D8D3}.Ad-Hoc|iPhoneSimulator.ActiveCfg = Release|Any CPU
		{CDB068E5-D9CC-4C71-B5B5-DCC12791D8D3}.Ad-Hoc|iPhoneSimulator.Build.0 = Release|Any CPU
		{CDB068E5-D9CC-4C71-B5B5-DCC12791D8D3}.Ad-Hoc|iPhoneSimulator.Deploy.0 = Release|Any CPU
		{CDB068E5-D9CC-4C71-B5B5-DCC12791D8D3}.Ad-Hoc|x64.ActiveCfg = Release|Any CPU
		{CDB068E5-D9CC-4C71-B5B5-DCC12791D8D3}.Ad-Hoc|x64.Build.0 = Release|Any CPU
		{CDB068E5-D9CC-4C71-B5B5-DCC12791D8D3}.Ad-Hoc|x64.Deploy.0 = Release|Any CPU
		{CDB068E5-D9CC-4C71-B5B5-DCC12791D8D3}.Ad-Hoc|x86.ActiveCfg = Release|Any CPU
		{CDB068E5-D9CC-4C71-B5B5-DCC12791D8D3}.Ad-Hoc|x86.Build.0 = Release|Any CPU
		{CDB068E5-D9CC-4C71-B5B5-DCC12791D8D3}.Ad-Hoc|x86.Deploy.0 = Release|Any CPU
		{CDB068E5-D9CC-4C71-B5B5-DCC12791D8D3}.AppStore|Any CPU.ActiveCfg = Release|Any CPU
		{CDB068E5-D9CC-4C71-B5B5-DCC12791D8D3}.AppStore|Any CPU.Build.0 = Release|Any CPU
		{CDB068E5-D9CC-4C71-B5B5-DCC12791D8D3}.AppStore|Any CPU.Deploy.0 = Release|Any CPU
		{CDB068E5-D9CC-4C71-B5B5-DCC12791D8D3}.AppStore|ARM.ActiveCfg = Release|Any CPU
		{CDB068E5-D9CC-4C71-B5B5-DCC12791D8D3}.AppStore|ARM.Build.0 = Release|Any CPU
		{CDB068E5-D9CC-4C71-B5B5-DCC12791D8D3}.AppStore|ARM.Deploy.0 = Release|Any CPU
		{CDB068E5-D9CC-4C71-B5B5-DCC12791D8D3}.AppStore|iPhone.ActiveCfg = Release|Any CPU
		{CDB068E5-D9CC-4C71-B5B5-DCC12791D8D3}.AppStore|iPhone.Build.0 = Release|Any CPU
		{CDB068E5-D9CC-4C71-B5B5-DCC12791D8D3}.AppStore|iPhone.Deploy.0 = Release|Any CPU
		{CDB068E5-D9CC-4C71-B5B5-DCC12791D8D3}.AppStore|iPhoneSimulator.ActiveCfg = Release|Any CPU
		{CDB068E5-D9CC-4C71-B5B5-DCC12791D8D3}.AppStore|iPhoneSimulator.Build.0 = Release|Any CPU
		{CDB068E5-D9CC-4C71-B5B5-DCC12791D8D3}.AppStore|iPhoneSimulator.Deploy.0 = Release|Any CPU
		{CDB068E5-D9CC-4C71-B5B5-DCC12791D8D3}.AppStore|x64.ActiveCfg = Release|Any CPU
		{CDB068E5-D9CC-4C71-B5B5-DCC12791D8D3}.AppStore|x64.Build.0 = Release|Any CPU
		{CDB068E5-D9CC-4C71-B5B5-DCC12791D8D3}.AppStore|x64.Deploy.0 = Release|Any CPU
		{CDB068E5-D9CC-4C71-B5B5-DCC12791D8D3}.AppStore|x86.ActiveCfg = Release|Any CPU
		{CDB068E5-D9CC-4C71-B5B5-DCC12791D8D3}.AppStore|x86.Build.0 = Release|Any CPU
		{CDB068E5-D9CC-4C71-B5B5-DCC12791D8D3}.AppStore|x86.Deploy.0 = Release|Any CPU
		{CDB068E5-D9CC-4C71-B5B5-DCC12791D8D3}.Debug|Any CPU.ActiveCfg = Debug|Any CPU
		{CDB068E5-D9CC-4C71-B5B5-DCC12791D8D3}.Debug|Any CPU.Build.0 = Debug|Any CPU
		{CDB068E5-D9CC-4C71-B5B5-DCC12791D8D3}.Debug|Any CPU.Deploy.0 = Debug|Any CPU
		{CDB068E5-D9CC-4C71-B5B5-DCC12791D8D3}.Debug|ARM.ActiveCfg = Debug|Any CPU
		{CDB068E5-D9CC-4C71-B5B5-DCC12791D8D3}.Debug|ARM.Build.0 = Debug|Any CPU
		{CDB068E5-D9CC-4C71-B5B5-DCC12791D8D3}.Debug|ARM.Deploy.0 = Debug|Any CPU
		{CDB068E5-D9CC-4C71-B5B5-DCC12791D8D3}.Debug|iPhone.ActiveCfg = Debug|Any CPU
		{CDB068E5-D9CC-4C71-B5B5-DCC12791D8D3}.Debug|iPhone.Build.0 = Debug|Any CPU
		{CDB068E5-D9CC-4C71-B5B5-DCC12791D8D3}.Debug|iPhone.Deploy.0 = Debug|Any CPU
		{CDB068E5-D9CC-4C71-B5B5-DCC12791D8D3}.Debug|iPhoneSimulator.ActiveCfg = Debug|Any CPU
		{CDB068E5-D9CC-4C71-B5B5-DCC12791D8D3}.Debug|iPhoneSimulator.Build.0 = Debug|Any CPU
		{CDB068E5-D9CC-4C71-B5B5-DCC12791D8D3}.Debug|iPhoneSimulator.Deploy.0 = Debug|Any CPU
		{CDB068E5-D9CC-4C71-B5B5-DCC12791D8D3}.Debug|x64.ActiveCfg = Debug|Any CPU
		{CDB068E5-D9CC-4C71-B5B5-DCC12791D8D3}.Debug|x64.Build.0 = Debug|Any CPU
		{CDB068E5-D9CC-4C71-B5B5-DCC12791D8D3}.Debug|x64.Deploy.0 = Debug|Any CPU
		{CDB068E5-D9CC-4C71-B5B5-DCC12791D8D3}.Debug|x86.ActiveCfg = Debug|Any CPU
		{CDB068E5-D9CC-4C71-B5B5-DCC12791D8D3}.Debug|x86.Build.0 = Debug|Any CPU
		{CDB068E5-D9CC-4C71-B5B5-DCC12791D8D3}.Debug|x86.Deploy.0 = Debug|Any CPU
		{CDB068E5-D9CC-4C71-B5B5-DCC12791D8D3}.Release|Any CPU.ActiveCfg = Release|Any CPU
		{CDB068E5-D9CC-4C71-B5B5-DCC12791D8D3}.Release|Any CPU.Build.0 = Release|Any CPU
		{CDB068E5-D9CC-4C71-B5B5-DCC12791D8D3}.Release|Any CPU.Deploy.0 = Release|Any CPU
		{CDB068E5-D9CC-4C71-B5B5-DCC12791D8D3}.Release|ARM.ActiveCfg = Release|Any CPU
		{CDB068E5-D9CC-4C71-B5B5-DCC12791D8D3}.Release|ARM.Build.0 = Release|Any CPU
		{CDB068E5-D9CC-4C71-B5B5-DCC12791D8D3}.Release|ARM.Deploy.0 = Release|Any CPU
		{CDB068E5-D9CC-4C71-B5B5-DCC12791D8D3}.Release|iPhone.ActiveCfg = Release|Any CPU
		{CDB068E5-D9CC-4C71-B5B5-DCC12791D8D3}.Release|iPhone.Build.0 = Release|Any CPU
		{CDB068E5-D9CC-4C71-B5B5-DCC12791D8D3}.Release|iPhone.Deploy.0 = Release|Any CPU
		{CDB068E5-D9CC-4C71-B5B5-DCC12791D8D3}.Release|iPhoneSimulator.ActiveCfg = Release|Any CPU
		{CDB068E5-D9CC-4C71-B5B5-DCC12791D8D3}.Release|iPhoneSimulator.Build.0 = Release|Any CPU
		{CDB068E5-D9CC-4C71-B5B5-DCC12791D8D3}.Release|iPhoneSimulator.Deploy.0 = Release|Any CPU
		{CDB068E5-D9CC-4C71-B5B5-DCC12791D8D3}.Release|x64.ActiveCfg = Release|Any CPU
		{CDB068E5-D9CC-4C71-B5B5-DCC12791D8D3}.Release|x64.Build.0 = Release|Any CPU
		{CDB068E5-D9CC-4C71-B5B5-DCC12791D8D3}.Release|x64.Deploy.0 = Release|Any CPU
		{CDB068E5-D9CC-4C71-B5B5-DCC12791D8D3}.Release|x86.ActiveCfg = Release|Any CPU
		{CDB068E5-D9CC-4C71-B5B5-DCC12791D8D3}.Release|x86.Build.0 = Release|Any CPU
		{CDB068E5-D9CC-4C71-B5B5-DCC12791D8D3}.Release|x86.Deploy.0 = Release|Any CPU
		{CFB88CE0-75AF-4F7E-B36F-498F9A6D1FB2}.Ad-Hoc|Any CPU.ActiveCfg = Ad-Hoc|iPhone
		{CFB88CE0-75AF-4F7E-B36F-498F9A6D1FB2}.Ad-Hoc|Any CPU.Build.0 = Ad-Hoc|iPhone
		{CFB88CE0-75AF-4F7E-B36F-498F9A6D1FB2}.Ad-Hoc|Any CPU.Deploy.0 = Ad-Hoc|iPhone
		{CFB88CE0-75AF-4F7E-B36F-498F9A6D1FB2}.Ad-Hoc|ARM.ActiveCfg = Ad-Hoc|iPhone
		{CFB88CE0-75AF-4F7E-B36F-498F9A6D1FB2}.Ad-Hoc|ARM.Build.0 = Ad-Hoc|iPhone
		{CFB88CE0-75AF-4F7E-B36F-498F9A6D1FB2}.Ad-Hoc|ARM.Deploy.0 = Ad-Hoc|iPhone
		{CFB88CE0-75AF-4F7E-B36F-498F9A6D1FB2}.Ad-Hoc|iPhone.ActiveCfg = Ad-Hoc|iPhone
		{CFB88CE0-75AF-4F7E-B36F-498F9A6D1FB2}.Ad-Hoc|iPhone.Build.0 = Ad-Hoc|iPhone
		{CFB88CE0-75AF-4F7E-B36F-498F9A6D1FB2}.Ad-Hoc|iPhone.Deploy.0 = Ad-Hoc|iPhone
		{CFB88CE0-75AF-4F7E-B36F-498F9A6D1FB2}.Ad-Hoc|iPhoneSimulator.ActiveCfg = Ad-Hoc|iPhoneSimulator
		{CFB88CE0-75AF-4F7E-B36F-498F9A6D1FB2}.Ad-Hoc|iPhoneSimulator.Build.0 = Ad-Hoc|iPhoneSimulator
		{CFB88CE0-75AF-4F7E-B36F-498F9A6D1FB2}.Ad-Hoc|iPhoneSimulator.Deploy.0 = Ad-Hoc|iPhoneSimulator
		{CFB88CE0-75AF-4F7E-B36F-498F9A6D1FB2}.Ad-Hoc|x64.ActiveCfg = Ad-Hoc|iPhone
		{CFB88CE0-75AF-4F7E-B36F-498F9A6D1FB2}.Ad-Hoc|x64.Build.0 = Ad-Hoc|iPhone
		{CFB88CE0-75AF-4F7E-B36F-498F9A6D1FB2}.Ad-Hoc|x64.Deploy.0 = Ad-Hoc|iPhone
		{CFB88CE0-75AF-4F7E-B36F-498F9A6D1FB2}.Ad-Hoc|x86.ActiveCfg = Ad-Hoc|iPhone
		{CFB88CE0-75AF-4F7E-B36F-498F9A6D1FB2}.Ad-Hoc|x86.Build.0 = Ad-Hoc|iPhone
		{CFB88CE0-75AF-4F7E-B36F-498F9A6D1FB2}.Ad-Hoc|x86.Deploy.0 = Ad-Hoc|iPhone
		{CFB88CE0-75AF-4F7E-B36F-498F9A6D1FB2}.AppStore|Any CPU.ActiveCfg = AppStore|iPhone
		{CFB88CE0-75AF-4F7E-B36F-498F9A6D1FB2}.AppStore|Any CPU.Build.0 = AppStore|iPhone
		{CFB88CE0-75AF-4F7E-B36F-498F9A6D1FB2}.AppStore|Any CPU.Deploy.0 = AppStore|iPhone
		{CFB88CE0-75AF-4F7E-B36F-498F9A6D1FB2}.AppStore|ARM.ActiveCfg = AppStore|iPhone
		{CFB88CE0-75AF-4F7E-B36F-498F9A6D1FB2}.AppStore|ARM.Build.0 = AppStore|iPhone
		{CFB88CE0-75AF-4F7E-B36F-498F9A6D1FB2}.AppStore|ARM.Deploy.0 = AppStore|iPhone
		{CFB88CE0-75AF-4F7E-B36F-498F9A6D1FB2}.AppStore|iPhone.ActiveCfg = AppStore|iPhone
		{CFB88CE0-75AF-4F7E-B36F-498F9A6D1FB2}.AppStore|iPhone.Build.0 = AppStore|iPhone
		{CFB88CE0-75AF-4F7E-B36F-498F9A6D1FB2}.AppStore|iPhone.Deploy.0 = AppStore|iPhone
		{CFB88CE0-75AF-4F7E-B36F-498F9A6D1FB2}.AppStore|iPhoneSimulator.ActiveCfg = AppStore|iPhoneSimulator
		{CFB88CE0-75AF-4F7E-B36F-498F9A6D1FB2}.AppStore|iPhoneSimulator.Build.0 = AppStore|iPhoneSimulator
		{CFB88CE0-75AF-4F7E-B36F-498F9A6D1FB2}.AppStore|iPhoneSimulator.Deploy.0 = AppStore|iPhoneSimulator
		{CFB88CE0-75AF-4F7E-B36F-498F9A6D1FB2}.AppStore|x64.ActiveCfg = AppStore|iPhone
		{CFB88CE0-75AF-4F7E-B36F-498F9A6D1FB2}.AppStore|x64.Build.0 = AppStore|iPhone
		{CFB88CE0-75AF-4F7E-B36F-498F9A6D1FB2}.AppStore|x64.Deploy.0 = AppStore|iPhone
		{CFB88CE0-75AF-4F7E-B36F-498F9A6D1FB2}.AppStore|x86.ActiveCfg = AppStore|iPhone
		{CFB88CE0-75AF-4F7E-B36F-498F9A6D1FB2}.AppStore|x86.Build.0 = AppStore|iPhone
		{CFB88CE0-75AF-4F7E-B36F-498F9A6D1FB2}.AppStore|x86.Deploy.0 = AppStore|iPhone
		{CFB88CE0-75AF-4F7E-B36F-498F9A6D1FB2}.Debug|Any CPU.ActiveCfg = Debug|iPhoneSimulator
		{CFB88CE0-75AF-4F7E-B36F-498F9A6D1FB2}.Debug|Any CPU.Build.0 = Debug|iPhoneSimulator
		{CFB88CE0-75AF-4F7E-B36F-498F9A6D1FB2}.Debug|Any CPU.Deploy.0 = Debug|iPhoneSimulator
		{CFB88CE0-75AF-4F7E-B36F-498F9A6D1FB2}.Debug|ARM.ActiveCfg = Debug|iPhone
		{CFB88CE0-75AF-4F7E-B36F-498F9A6D1FB2}.Debug|ARM.Build.0 = Debug|iPhone
		{CFB88CE0-75AF-4F7E-B36F-498F9A6D1FB2}.Debug|ARM.Deploy.0 = Debug|iPhone
		{CFB88CE0-75AF-4F7E-B36F-498F9A6D1FB2}.Debug|iPhone.ActiveCfg = Debug|iPhone
		{CFB88CE0-75AF-4F7E-B36F-498F9A6D1FB2}.Debug|iPhone.Build.0 = Debug|iPhone
		{CFB88CE0-75AF-4F7E-B36F-498F9A6D1FB2}.Debug|iPhone.Deploy.0 = Debug|iPhone
		{CFB88CE0-75AF-4F7E-B36F-498F9A6D1FB2}.Debug|iPhoneSimulator.ActiveCfg = Debug|iPhoneSimulator
		{CFB88CE0-75AF-4F7E-B36F-498F9A6D1FB2}.Debug|iPhoneSimulator.Build.0 = Debug|iPhoneSimulator
		{CFB88CE0-75AF-4F7E-B36F-498F9A6D1FB2}.Debug|iPhoneSimulator.Deploy.0 = Debug|iPhoneSimulator
		{CFB88CE0-75AF-4F7E-B36F-498F9A6D1FB2}.Debug|x64.ActiveCfg = Debug|iPhone
		{CFB88CE0-75AF-4F7E-B36F-498F9A6D1FB2}.Debug|x64.Build.0 = Debug|iPhone
		{CFB88CE0-75AF-4F7E-B36F-498F9A6D1FB2}.Debug|x64.Deploy.0 = Debug|iPhone
		{CFB88CE0-75AF-4F7E-B36F-498F9A6D1FB2}.Debug|x86.ActiveCfg = Debug|iPhone
		{CFB88CE0-75AF-4F7E-B36F-498F9A6D1FB2}.Debug|x86.Build.0 = Debug|iPhone
		{CFB88CE0-75AF-4F7E-B36F-498F9A6D1FB2}.Debug|x86.Deploy.0 = Debug|iPhone
		{CFB88CE0-75AF-4F7E-B36F-498F9A6D1FB2}.Release|Any CPU.ActiveCfg = Release|iPhone
		{CFB88CE0-75AF-4F7E-B36F-498F9A6D1FB2}.Release|Any CPU.Build.0 = Release|iPhone
		{CFB88CE0-75AF-4F7E-B36F-498F9A6D1FB2}.Release|Any CPU.Deploy.0 = Release|iPhone
		{CFB88CE0-75AF-4F7E-B36F-498F9A6D1FB2}.Release|ARM.ActiveCfg = Release|iPhone
		{CFB88CE0-75AF-4F7E-B36F-498F9A6D1FB2}.Release|ARM.Build.0 = Release|iPhone
		{CFB88CE0-75AF-4F7E-B36F-498F9A6D1FB2}.Release|ARM.Deploy.0 = Release|iPhone
		{CFB88CE0-75AF-4F7E-B36F-498F9A6D1FB2}.Release|iPhone.ActiveCfg = Release|iPhone
		{CFB88CE0-75AF-4F7E-B36F-498F9A6D1FB2}.Release|iPhone.Build.0 = Release|iPhone
		{CFB88CE0-75AF-4F7E-B36F-498F9A6D1FB2}.Release|iPhone.Deploy.0 = Release|iPhone
		{CFB88CE0-75AF-4F7E-B36F-498F9A6D1FB2}.Release|iPhoneSimulator.ActiveCfg = Release|iPhoneSimulator
		{CFB88CE0-75AF-4F7E-B36F-498F9A6D1FB2}.Release|iPhoneSimulator.Build.0 = Release|iPhoneSimulator
		{CFB88CE0-75AF-4F7E-B36F-498F9A6D1FB2}.Release|iPhoneSimulator.Deploy.0 = Release|iPhoneSimulator
		{CFB88CE0-75AF-4F7E-B36F-498F9A6D1FB2}.Release|x64.ActiveCfg = Release|iPhone
		{CFB88CE0-75AF-4F7E-B36F-498F9A6D1FB2}.Release|x64.Build.0 = Release|iPhone
		{CFB88CE0-75AF-4F7E-B36F-498F9A6D1FB2}.Release|x64.Deploy.0 = Release|iPhone
		{CFB88CE0-75AF-4F7E-B36F-498F9A6D1FB2}.Release|x86.ActiveCfg = Release|iPhone
		{CFB88CE0-75AF-4F7E-B36F-498F9A6D1FB2}.Release|x86.Build.0 = Release|iPhone
		{CFB88CE0-75AF-4F7E-B36F-498F9A6D1FB2}.Release|x86.Deploy.0 = Release|iPhone
		{6A60D7AD-8371-4DC1-8119-19CC17A2511E}.Ad-Hoc|Any CPU.ActiveCfg = Release|x86
		{6A60D7AD-8371-4DC1-8119-19CC17A2511E}.Ad-Hoc|Any CPU.Build.0 = Release|x86
		{6A60D7AD-8371-4DC1-8119-19CC17A2511E}.Ad-Hoc|Any CPU.Deploy.0 = Release|x86
		{6A60D7AD-8371-4DC1-8119-19CC17A2511E}.Ad-Hoc|ARM.ActiveCfg = Release|ARM
		{6A60D7AD-8371-4DC1-8119-19CC17A2511E}.Ad-Hoc|ARM.Build.0 = Release|ARM
		{6A60D7AD-8371-4DC1-8119-19CC17A2511E}.Ad-Hoc|ARM.Deploy.0 = Release|ARM
		{6A60D7AD-8371-4DC1-8119-19CC17A2511E}.Ad-Hoc|iPhone.ActiveCfg = Release|x86
		{6A60D7AD-8371-4DC1-8119-19CC17A2511E}.Ad-Hoc|iPhone.Build.0 = Release|x86
		{6A60D7AD-8371-4DC1-8119-19CC17A2511E}.Ad-Hoc|iPhone.Deploy.0 = Release|x86
		{6A60D7AD-8371-4DC1-8119-19CC17A2511E}.Ad-Hoc|iPhoneSimulator.ActiveCfg = Release|x86
		{6A60D7AD-8371-4DC1-8119-19CC17A2511E}.Ad-Hoc|iPhoneSimulator.Build.0 = Release|x86
		{6A60D7AD-8371-4DC1-8119-19CC17A2511E}.Ad-Hoc|iPhoneSimulator.Deploy.0 = Release|x86
		{6A60D7AD-8371-4DC1-8119-19CC17A2511E}.Ad-Hoc|x64.ActiveCfg = Release|x64
		{6A60D7AD-8371-4DC1-8119-19CC17A2511E}.Ad-Hoc|x64.Build.0 = Release|x64
		{6A60D7AD-8371-4DC1-8119-19CC17A2511E}.Ad-Hoc|x64.Deploy.0 = Release|x64
		{6A60D7AD-8371-4DC1-8119-19CC17A2511E}.Ad-Hoc|x86.ActiveCfg = Release|x86
		{6A60D7AD-8371-4DC1-8119-19CC17A2511E}.Ad-Hoc|x86.Build.0 = Release|x86
		{6A60D7AD-8371-4DC1-8119-19CC17A2511E}.Ad-Hoc|x86.Deploy.0 = Release|x86
		{6A60D7AD-8371-4DC1-8119-19CC17A2511E}.AppStore|Any CPU.ActiveCfg = Release|x86
		{6A60D7AD-8371-4DC1-8119-19CC17A2511E}.AppStore|Any CPU.Build.0 = Release|x86
		{6A60D7AD-8371-4DC1-8119-19CC17A2511E}.AppStore|Any CPU.Deploy.0 = Release|x86
		{6A60D7AD-8371-4DC1-8119-19CC17A2511E}.AppStore|ARM.ActiveCfg = Release|ARM
		{6A60D7AD-8371-4DC1-8119-19CC17A2511E}.AppStore|ARM.Build.0 = Release|ARM
		{6A60D7AD-8371-4DC1-8119-19CC17A2511E}.AppStore|ARM.Deploy.0 = Release|ARM
		{6A60D7AD-8371-4DC1-8119-19CC17A2511E}.AppStore|iPhone.ActiveCfg = Release|x86
		{6A60D7AD-8371-4DC1-8119-19CC17A2511E}.AppStore|iPhone.Build.0 = Release|x86
		{6A60D7AD-8371-4DC1-8119-19CC17A2511E}.AppStore|iPhone.Deploy.0 = Release|x86
		{6A60D7AD-8371-4DC1-8119-19CC17A2511E}.AppStore|iPhoneSimulator.ActiveCfg = Release|x86
		{6A60D7AD-8371-4DC1-8119-19CC17A2511E}.AppStore|iPhoneSimulator.Build.0 = Release|x86
		{6A60D7AD-8371-4DC1-8119-19CC17A2511E}.AppStore|iPhoneSimulator.Deploy.0 = Release|x86
		{6A60D7AD-8371-4DC1-8119-19CC17A2511E}.AppStore|x64.ActiveCfg = Release|x64
		{6A60D7AD-8371-4DC1-8119-19CC17A2511E}.AppStore|x64.Build.0 = Release|x64
		{6A60D7AD-8371-4DC1-8119-19CC17A2511E}.AppStore|x64.Deploy.0 = Release|x64
		{6A60D7AD-8371-4DC1-8119-19CC17A2511E}.AppStore|x86.ActiveCfg = Release|x86
		{6A60D7AD-8371-4DC1-8119-19CC17A2511E}.AppStore|x86.Build.0 = Release|x86
		{6A60D7AD-8371-4DC1-8119-19CC17A2511E}.AppStore|x86.Deploy.0 = Release|x86
		{6A60D7AD-8371-4DC1-8119-19CC17A2511E}.Debug|Any CPU.ActiveCfg = Debug|x86
		{6A60D7AD-8371-4DC1-8119-19CC17A2511E}.Debug|Any CPU.Build.0 = Debug|x86
		{6A60D7AD-8371-4DC1-8119-19CC17A2511E}.Debug|Any CPU.Deploy.0 = Debug|x86
		{6A60D7AD-8371-4DC1-8119-19CC17A2511E}.Debug|ARM.ActiveCfg = Debug|ARM
		{6A60D7AD-8371-4DC1-8119-19CC17A2511E}.Debug|ARM.Build.0 = Debug|ARM
		{6A60D7AD-8371-4DC1-8119-19CC17A2511E}.Debug|ARM.Deploy.0 = Debug|ARM
		{6A60D7AD-8371-4DC1-8119-19CC17A2511E}.Debug|iPhone.ActiveCfg = Debug|x86
		{6A60D7AD-8371-4DC1-8119-19CC17A2511E}.Debug|iPhone.Build.0 = Debug|x86
		{6A60D7AD-8371-4DC1-8119-19CC17A2511E}.Debug|iPhone.Deploy.0 = Debug|x86
		{6A60D7AD-8371-4DC1-8119-19CC17A2511E}.Debug|iPhoneSimulator.ActiveCfg = Debug|x86
		{6A60D7AD-8371-4DC1-8119-19CC17A2511E}.Debug|iPhoneSimulator.Build.0 = Debug|x86
		{6A60D7AD-8371-4DC1-8119-19CC17A2511E}.Debug|iPhoneSimulator.Deploy.0 = Debug|x86
		{6A60D7AD-8371-4DC1-8119-19CC17A2511E}.Debug|x64.ActiveCfg = Debug|x64
		{6A60D7AD-8371-4DC1-8119-19CC17A2511E}.Debug|x64.Build.0 = Debug|x64
		{6A60D7AD-8371-4DC1-8119-19CC17A2511E}.Debug|x64.Deploy.0 = Debug|x64
		{6A60D7AD-8371-4DC1-8119-19CC17A2511E}.Debug|x86.ActiveCfg = Debug|x86
		{6A60D7AD-8371-4DC1-8119-19CC17A2511E}.Debug|x86.Build.0 = Debug|x86
		{6A60D7AD-8371-4DC1-8119-19CC17A2511E}.Debug|x86.Deploy.0 = Debug|x86
		{6A60D7AD-8371-4DC1-8119-19CC17A2511E}.Release|Any CPU.ActiveCfg = Release|x86
		{6A60D7AD-8371-4DC1-8119-19CC17A2511E}.Release|Any CPU.Build.0 = Release|x86
		{6A60D7AD-8371-4DC1-8119-19CC17A2511E}.Release|Any CPU.Deploy.0 = Release|x86
		{6A60D7AD-8371-4DC1-8119-19CC17A2511E}.Release|ARM.ActiveCfg = Release|ARM
		{6A60D7AD-8371-4DC1-8119-19CC17A2511E}.Release|ARM.Build.0 = Release|ARM
		{6A60D7AD-8371-4DC1-8119-19CC17A2511E}.Release|ARM.Deploy.0 = Release|ARM
		{6A60D7AD-8371-4DC1-8119-19CC17A2511E}.Release|iPhone.ActiveCfg = Release|x86
		{6A60D7AD-8371-4DC1-8119-19CC17A2511E}.Release|iPhone.Build.0 = Release|x86
		{6A60D7AD-8371-4DC1-8119-19CC17A2511E}.Release|iPhone.Deploy.0 = Release|x86
		{6A60D7AD-8371-4DC1-8119-19CC17A2511E}.Release|iPhoneSimulator.ActiveCfg = Release|x86
		{6A60D7AD-8371-4DC1-8119-19CC17A2511E}.Release|iPhoneSimulator.Build.0 = Release|x86
		{6A60D7AD-8371-4DC1-8119-19CC17A2511E}.Release|iPhoneSimulator.Deploy.0 = Release|x86
		{6A60D7AD-8371-4DC1-8119-19CC17A2511E}.Release|x64.ActiveCfg = Release|x64
		{6A60D7AD-8371-4DC1-8119-19CC17A2511E}.Release|x64.Build.0 = Release|x64
		{6A60D7AD-8371-4DC1-8119-19CC17A2511E}.Release|x64.Deploy.0 = Release|x64
		{6A60D7AD-8371-4DC1-8119-19CC17A2511E}.Release|x86.ActiveCfg = Release|x86
		{6A60D7AD-8371-4DC1-8119-19CC17A2511E}.Release|x86.Build.0 = Release|x86
		{6A60D7AD-8371-4DC1-8119-19CC17A2511E}.Release|x86.Deploy.0 = Release|x86
		{C33916B7-F469-4C7A-859F-7CC60E5DA9CA}.Ad-Hoc|Any CPU.ActiveCfg = Debug|Any CPU
		{C33916B7-F469-4C7A-859F-7CC60E5DA9CA}.Ad-Hoc|Any CPU.Build.0 = Debug|Any CPU
		{C33916B7-F469-4C7A-859F-7CC60E5DA9CA}.Ad-Hoc|Any CPU.Deploy.0 = Debug|Any CPU
		{C33916B7-F469-4C7A-859F-7CC60E5DA9CA}.Ad-Hoc|ARM.ActiveCfg = Debug|Any CPU
		{C33916B7-F469-4C7A-859F-7CC60E5DA9CA}.Ad-Hoc|ARM.Build.0 = Debug|Any CPU
		{C33916B7-F469-4C7A-859F-7CC60E5DA9CA}.Ad-Hoc|ARM.Deploy.0 = Debug|Any CPU
		{C33916B7-F469-4C7A-859F-7CC60E5DA9CA}.Ad-Hoc|iPhone.ActiveCfg = Debug|Any CPU
		{C33916B7-F469-4C7A-859F-7CC60E5DA9CA}.Ad-Hoc|iPhone.Build.0 = Debug|Any CPU
		{C33916B7-F469-4C7A-859F-7CC60E5DA9CA}.Ad-Hoc|iPhone.Deploy.0 = Debug|Any CPU
		{C33916B7-F469-4C7A-859F-7CC60E5DA9CA}.Ad-Hoc|iPhoneSimulator.ActiveCfg = Debug|Any CPU
		{C33916B7-F469-4C7A-859F-7CC60E5DA9CA}.Ad-Hoc|iPhoneSimulator.Build.0 = Debug|Any CPU
		{C33916B7-F469-4C7A-859F-7CC60E5DA9CA}.Ad-Hoc|iPhoneSimulator.Deploy.0 = Debug|Any CPU
		{C33916B7-F469-4C7A-859F-7CC60E5DA9CA}.Ad-Hoc|x64.ActiveCfg = Debug|Any CPU
		{C33916B7-F469-4C7A-859F-7CC60E5DA9CA}.Ad-Hoc|x64.Build.0 = Debug|Any CPU
		{C33916B7-F469-4C7A-859F-7CC60E5DA9CA}.Ad-Hoc|x64.Deploy.0 = Debug|Any CPU
		{C33916B7-F469-4C7A-859F-7CC60E5DA9CA}.Ad-Hoc|x86.ActiveCfg = Debug|Any CPU
		{C33916B7-F469-4C7A-859F-7CC60E5DA9CA}.Ad-Hoc|x86.Build.0 = Debug|Any CPU
		{C33916B7-F469-4C7A-859F-7CC60E5DA9CA}.Ad-Hoc|x86.Deploy.0 = Debug|Any CPU
		{C33916B7-F469-4C7A-859F-7CC60E5DA9CA}.AppStore|Any CPU.ActiveCfg = Debug|Any CPU
		{C33916B7-F469-4C7A-859F-7CC60E5DA9CA}.AppStore|Any CPU.Build.0 = Debug|Any CPU
		{C33916B7-F469-4C7A-859F-7CC60E5DA9CA}.AppStore|Any CPU.Deploy.0 = Debug|Any CPU
		{C33916B7-F469-4C7A-859F-7CC60E5DA9CA}.AppStore|ARM.ActiveCfg = Debug|Any CPU
		{C33916B7-F469-4C7A-859F-7CC60E5DA9CA}.AppStore|ARM.Build.0 = Debug|Any CPU
		{C33916B7-F469-4C7A-859F-7CC60E5DA9CA}.AppStore|ARM.Deploy.0 = Debug|Any CPU
		{C33916B7-F469-4C7A-859F-7CC60E5DA9CA}.AppStore|iPhone.ActiveCfg = Debug|Any CPU
		{C33916B7-F469-4C7A-859F-7CC60E5DA9CA}.AppStore|iPhone.Build.0 = Debug|Any CPU
		{C33916B7-F469-4C7A-859F-7CC60E5DA9CA}.AppStore|iPhone.Deploy.0 = Debug|Any CPU
		{C33916B7-F469-4C7A-859F-7CC60E5DA9CA}.AppStore|iPhoneSimulator.ActiveCfg = Debug|Any CPU
		{C33916B7-F469-4C7A-859F-7CC60E5DA9CA}.AppStore|iPhoneSimulator.Build.0 = Debug|Any CPU
		{C33916B7-F469-4C7A-859F-7CC60E5DA9CA}.AppStore|iPhoneSimulator.Deploy.0 = Debug|Any CPU
		{C33916B7-F469-4C7A-859F-7CC60E5DA9CA}.AppStore|x64.ActiveCfg = Debug|Any CPU
		{C33916B7-F469-4C7A-859F-7CC60E5DA9CA}.AppStore|x64.Build.0 = Debug|Any CPU
		{C33916B7-F469-4C7A-859F-7CC60E5DA9CA}.AppStore|x64.Deploy.0 = Debug|Any CPU
		{C33916B7-F469-4C7A-859F-7CC60E5DA9CA}.AppStore|x86.ActiveCfg = Debug|Any CPU
		{C33916B7-F469-4C7A-859F-7CC60E5DA9CA}.AppStore|x86.Build.0 = Debug|Any CPU
		{C33916B7-F469-4C7A-859F-7CC60E5DA9CA}.AppStore|x86.Deploy.0 = Debug|Any CPU
		{C33916B7-F469-4C7A-859F-7CC60E5DA9CA}.Debug|Any CPU.ActiveCfg = Debug|Any CPU
		{C33916B7-F469-4C7A-859F-7CC60E5DA9CA}.Debug|Any CPU.Build.0 = Debug|Any CPU
		{C33916B7-F469-4C7A-859F-7CC60E5DA9CA}.Debug|Any CPU.Deploy.0 = Debug|Any CPU
		{C33916B7-F469-4C7A-859F-7CC60E5DA9CA}.Debug|ARM.ActiveCfg = Debug|Any CPU
		{C33916B7-F469-4C7A-859F-7CC60E5DA9CA}.Debug|ARM.Build.0 = Debug|Any CPU
		{C33916B7-F469-4C7A-859F-7CC60E5DA9CA}.Debug|ARM.Deploy.0 = Debug|Any CPU
		{C33916B7-F469-4C7A-859F-7CC60E5DA9CA}.Debug|iPhone.ActiveCfg = Debug|Any CPU
		{C33916B7-F469-4C7A-859F-7CC60E5DA9CA}.Debug|iPhone.Build.0 = Debug|Any CPU
		{C33916B7-F469-4C7A-859F-7CC60E5DA9CA}.Debug|iPhone.Deploy.0 = Debug|Any CPU
		{C33916B7-F469-4C7A-859F-7CC60E5DA9CA}.Debug|iPhoneSimulator.ActiveCfg = Debug|Any CPU
		{C33916B7-F469-4C7A-859F-7CC60E5DA9CA}.Debug|iPhoneSimulator.Build.0 = Debug|Any CPU
		{C33916B7-F469-4C7A-859F-7CC60E5DA9CA}.Debug|iPhoneSimulator.Deploy.0 = Debug|Any CPU
		{C33916B7-F469-4C7A-859F-7CC60E5DA9CA}.Debug|x64.ActiveCfg = Debug|Any CPU
		{C33916B7-F469-4C7A-859F-7CC60E5DA9CA}.Debug|x64.Build.0 = Debug|Any CPU
		{C33916B7-F469-4C7A-859F-7CC60E5DA9CA}.Debug|x64.Deploy.0 = Debug|Any CPU
		{C33916B7-F469-4C7A-859F-7CC60E5DA9CA}.Debug|x86.ActiveCfg = Debug|Any CPU
		{C33916B7-F469-4C7A-859F-7CC60E5DA9CA}.Debug|x86.Build.0 = Debug|Any CPU
		{C33916B7-F469-4C7A-859F-7CC60E5DA9CA}.Debug|x86.Deploy.0 = Debug|Any CPU
		{C33916B7-F469-4C7A-859F-7CC60E5DA9CA}.Release|Any CPU.ActiveCfg = Release|Any CPU
		{C33916B7-F469-4C7A-859F-7CC60E5DA9CA}.Release|Any CPU.Build.0 = Release|Any CPU
		{C33916B7-F469-4C7A-859F-7CC60E5DA9CA}.Release|Any CPU.Deploy.0 = Release|Any CPU
		{C33916B7-F469-4C7A-859F-7CC60E5DA9CA}.Release|ARM.ActiveCfg = Release|Any CPU
		{C33916B7-F469-4C7A-859F-7CC60E5DA9CA}.Release|ARM.Build.0 = Release|Any CPU
		{C33916B7-F469-4C7A-859F-7CC60E5DA9CA}.Release|ARM.Deploy.0 = Release|Any CPU
		{C33916B7-F469-4C7A-859F-7CC60E5DA9CA}.Release|iPhone.ActiveCfg = Release|Any CPU
		{C33916B7-F469-4C7A-859F-7CC60E5DA9CA}.Release|iPhone.Build.0 = Release|Any CPU
		{C33916B7-F469-4C7A-859F-7CC60E5DA9CA}.Release|iPhone.Deploy.0 = Release|Any CPU
		{C33916B7-F469-4C7A-859F-7CC60E5DA9CA}.Release|iPhoneSimulator.ActiveCfg = Release|Any CPU
		{C33916B7-F469-4C7A-859F-7CC60E5DA9CA}.Release|iPhoneSimulator.Build.0 = Release|Any CPU
		{C33916B7-F469-4C7A-859F-7CC60E5DA9CA}.Release|iPhoneSimulator.Deploy.0 = Release|Any CPU
		{C33916B7-F469-4C7A-859F-7CC60E5DA9CA}.Release|x64.ActiveCfg = Release|Any CPU
		{C33916B7-F469-4C7A-859F-7CC60E5DA9CA}.Release|x64.Build.0 = Release|Any CPU
		{C33916B7-F469-4C7A-859F-7CC60E5DA9CA}.Release|x64.Deploy.0 = Release|Any CPU
		{C33916B7-F469-4C7A-859F-7CC60E5DA9CA}.Release|x86.ActiveCfg = Release|Any CPU
		{C33916B7-F469-4C7A-859F-7CC60E5DA9CA}.Release|x86.Build.0 = Release|Any CPU
		{C33916B7-F469-4C7A-859F-7CC60E5DA9CA}.Release|x86.Deploy.0 = Release|Any CPU
		{CBDEE47D-CA25-4DB4-B93D-B6C815CDCBBF}.Ad-Hoc|Any CPU.ActiveCfg = Release|Any CPU
		{CBDEE47D-CA25-4DB4-B93D-B6C815CDCBBF}.Ad-Hoc|Any CPU.Build.0 = Release|Any CPU
		{CBDEE47D-CA25-4DB4-B93D-B6C815CDCBBF}.Ad-Hoc|ARM.ActiveCfg = Release|Any CPU
		{CBDEE47D-CA25-4DB4-B93D-B6C815CDCBBF}.Ad-Hoc|ARM.Build.0 = Release|Any CPU
		{CBDEE47D-CA25-4DB4-B93D-B6C815CDCBBF}.Ad-Hoc|iPhone.ActiveCfg = Release|Any CPU
		{CBDEE47D-CA25-4DB4-B93D-B6C815CDCBBF}.Ad-Hoc|iPhone.Build.0 = Release|Any CPU
		{CBDEE47D-CA25-4DB4-B93D-B6C815CDCBBF}.Ad-Hoc|iPhoneSimulator.ActiveCfg = Release|Any CPU
		{CBDEE47D-CA25-4DB4-B93D-B6C815CDCBBF}.Ad-Hoc|iPhoneSimulator.Build.0 = Release|Any CPU
		{CBDEE47D-CA25-4DB4-B93D-B6C815CDCBBF}.Ad-Hoc|x64.ActiveCfg = Release|Any CPU
		{CBDEE47D-CA25-4DB4-B93D-B6C815CDCBBF}.Ad-Hoc|x64.Build.0 = Release|Any CPU
		{CBDEE47D-CA25-4DB4-B93D-B6C815CDCBBF}.Ad-Hoc|x86.ActiveCfg = Release|Any CPU
		{CBDEE47D-CA25-4DB4-B93D-B6C815CDCBBF}.Ad-Hoc|x86.Build.0 = Release|Any CPU
		{CBDEE47D-CA25-4DB4-B93D-B6C815CDCBBF}.AppStore|Any CPU.ActiveCfg = Release|Any CPU
		{CBDEE47D-CA25-4DB4-B93D-B6C815CDCBBF}.AppStore|Any CPU.Build.0 = Release|Any CPU
		{CBDEE47D-CA25-4DB4-B93D-B6C815CDCBBF}.AppStore|ARM.ActiveCfg = Release|Any CPU
		{CBDEE47D-CA25-4DB4-B93D-B6C815CDCBBF}.AppStore|ARM.Build.0 = Release|Any CPU
		{CBDEE47D-CA25-4DB4-B93D-B6C815CDCBBF}.AppStore|iPhone.ActiveCfg = Release|Any CPU
		{CBDEE47D-CA25-4DB4-B93D-B6C815CDCBBF}.AppStore|iPhone.Build.0 = Release|Any CPU
		{CBDEE47D-CA25-4DB4-B93D-B6C815CDCBBF}.AppStore|iPhoneSimulator.ActiveCfg = Release|Any CPU
		{CBDEE47D-CA25-4DB4-B93D-B6C815CDCBBF}.AppStore|iPhoneSimulator.Build.0 = Release|Any CPU
		{CBDEE47D-CA25-4DB4-B93D-B6C815CDCBBF}.AppStore|x64.ActiveCfg = Release|Any CPU
		{CBDEE47D-CA25-4DB4-B93D-B6C815CDCBBF}.AppStore|x64.Build.0 = Release|Any CPU
		{CBDEE47D-CA25-4DB4-B93D-B6C815CDCBBF}.AppStore|x86.ActiveCfg = Release|Any CPU
		{CBDEE47D-CA25-4DB4-B93D-B6C815CDCBBF}.AppStore|x86.Build.0 = Release|Any CPU
		{CBDEE47D-CA25-4DB4-B93D-B6C815CDCBBF}.Debug|Any CPU.ActiveCfg = Debug|Any CPU
		{CBDEE47D-CA25-4DB4-B93D-B6C815CDCBBF}.Debug|Any CPU.Build.0 = Debug|Any CPU
		{CBDEE47D-CA25-4DB4-B93D-B6C815CDCBBF}.Debug|ARM.ActiveCfg = Debug|Any CPU
		{CBDEE47D-CA25-4DB4-B93D-B6C815CDCBBF}.Debug|ARM.Build.0 = Debug|Any CPU
		{CBDEE47D-CA25-4DB4-B93D-B6C815CDCBBF}.Debug|iPhone.ActiveCfg = Debug|Any CPU
		{CBDEE47D-CA25-4DB4-B93D-B6C815CDCBBF}.Debug|iPhone.Build.0 = Debug|Any CPU
		{CBDEE47D-CA25-4DB4-B93D-B6C815CDCBBF}.Debug|iPhoneSimulator.ActiveCfg = Debug|Any CPU
		{CBDEE47D-CA25-4DB4-B93D-B6C815CDCBBF}.Debug|iPhoneSimulator.Build.0 = Debug|Any CPU
		{CBDEE47D-CA25-4DB4-B93D-B6C815CDCBBF}.Debug|x64.ActiveCfg = Debug|Any CPU
		{CBDEE47D-CA25-4DB4-B93D-B6C815CDCBBF}.Debug|x64.Build.0 = Debug|Any CPU
		{CBDEE47D-CA25-4DB4-B93D-B6C815CDCBBF}.Debug|x86.ActiveCfg = Debug|Any CPU
		{CBDEE47D-CA25-4DB4-B93D-B6C815CDCBBF}.Debug|x86.Build.0 = Debug|Any CPU
		{CBDEE47D-CA25-4DB4-B93D-B6C815CDCBBF}.Release|Any CPU.ActiveCfg = Release|Any CPU
		{CBDEE47D-CA25-4DB4-B93D-B6C815CDCBBF}.Release|Any CPU.Build.0 = Release|Any CPU
		{CBDEE47D-CA25-4DB4-B93D-B6C815CDCBBF}.Release|ARM.ActiveCfg = Release|Any CPU
		{CBDEE47D-CA25-4DB4-B93D-B6C815CDCBBF}.Release|ARM.Build.0 = Release|Any CPU
		{CBDEE47D-CA25-4DB4-B93D-B6C815CDCBBF}.Release|iPhone.ActiveCfg = Release|Any CPU
		{CBDEE47D-CA25-4DB4-B93D-B6C815CDCBBF}.Release|iPhone.Build.0 = Release|Any CPU
		{CBDEE47D-CA25-4DB4-B93D-B6C815CDCBBF}.Release|iPhoneSimulator.ActiveCfg = Release|Any CPU
		{CBDEE47D-CA25-4DB4-B93D-B6C815CDCBBF}.Release|iPhoneSimulator.Build.0 = Release|Any CPU
		{CBDEE47D-CA25-4DB4-B93D-B6C815CDCBBF}.Release|x64.ActiveCfg = Release|Any CPU
		{CBDEE47D-CA25-4DB4-B93D-B6C815CDCBBF}.Release|x64.Build.0 = Release|Any CPU
		{CBDEE47D-CA25-4DB4-B93D-B6C815CDCBBF}.Release|x86.ActiveCfg = Release|Any CPU
		{CBDEE47D-CA25-4DB4-B93D-B6C815CDCBBF}.Release|x86.Build.0 = Release|Any CPU
		{78096952-2D9C-4023-A913-1C47F90FBCF6}.Ad-Hoc|Any CPU.ActiveCfg = Release|Any CPU
		{78096952-2D9C-4023-A913-1C47F90FBCF6}.Ad-Hoc|Any CPU.Build.0 = Release|Any CPU
		{78096952-2D9C-4023-A913-1C47F90FBCF6}.Ad-Hoc|ARM.ActiveCfg = Release|Any CPU
		{78096952-2D9C-4023-A913-1C47F90FBCF6}.Ad-Hoc|ARM.Build.0 = Release|Any CPU
		{78096952-2D9C-4023-A913-1C47F90FBCF6}.Ad-Hoc|iPhone.ActiveCfg = Release|Any CPU
		{78096952-2D9C-4023-A913-1C47F90FBCF6}.Ad-Hoc|iPhone.Build.0 = Release|Any CPU
		{78096952-2D9C-4023-A913-1C47F90FBCF6}.Ad-Hoc|iPhoneSimulator.ActiveCfg = Release|Any CPU
		{78096952-2D9C-4023-A913-1C47F90FBCF6}.Ad-Hoc|iPhoneSimulator.Build.0 = Release|Any CPU
		{78096952-2D9C-4023-A913-1C47F90FBCF6}.Ad-Hoc|x64.ActiveCfg = Release|Any CPU
		{78096952-2D9C-4023-A913-1C47F90FBCF6}.Ad-Hoc|x64.Build.0 = Release|Any CPU
		{78096952-2D9C-4023-A913-1C47F90FBCF6}.Ad-Hoc|x86.ActiveCfg = Release|Any CPU
		{78096952-2D9C-4023-A913-1C47F90FBCF6}.Ad-Hoc|x86.Build.0 = Release|Any CPU
		{78096952-2D9C-4023-A913-1C47F90FBCF6}.AppStore|Any CPU.ActiveCfg = Release|Any CPU
		{78096952-2D9C-4023-A913-1C47F90FBCF6}.AppStore|Any CPU.Build.0 = Release|Any CPU
		{78096952-2D9C-4023-A913-1C47F90FBCF6}.AppStore|ARM.ActiveCfg = Release|Any CPU
		{78096952-2D9C-4023-A913-1C47F90FBCF6}.AppStore|ARM.Build.0 = Release|Any CPU
		{78096952-2D9C-4023-A913-1C47F90FBCF6}.AppStore|iPhone.ActiveCfg = Release|Any CPU
		{78096952-2D9C-4023-A913-1C47F90FBCF6}.AppStore|iPhone.Build.0 = Release|Any CPU
		{78096952-2D9C-4023-A913-1C47F90FBCF6}.AppStore|iPhoneSimulator.ActiveCfg = Release|Any CPU
		{78096952-2D9C-4023-A913-1C47F90FBCF6}.AppStore|iPhoneSimulator.Build.0 = Release|Any CPU
		{78096952-2D9C-4023-A913-1C47F90FBCF6}.AppStore|x64.ActiveCfg = Release|Any CPU
		{78096952-2D9C-4023-A913-1C47F90FBCF6}.AppStore|x64.Build.0 = Release|Any CPU
		{78096952-2D9C-4023-A913-1C47F90FBCF6}.AppStore|x86.ActiveCfg = Release|Any CPU
		{78096952-2D9C-4023-A913-1C47F90FBCF6}.AppStore|x86.Build.0 = Release|Any CPU
		{78096952-2D9C-4023-A913-1C47F90FBCF6}.Debug|Any CPU.ActiveCfg = Debug|Any CPU
		{78096952-2D9C-4023-A913-1C47F90FBCF6}.Debug|Any CPU.Build.0 = Debug|Any CPU
		{78096952-2D9C-4023-A913-1C47F90FBCF6}.Debug|ARM.ActiveCfg = Debug|Any CPU
		{78096952-2D9C-4023-A913-1C47F90FBCF6}.Debug|ARM.Build.0 = Debug|Any CPU
		{78096952-2D9C-4023-A913-1C47F90FBCF6}.Debug|iPhone.ActiveCfg = Debug|Any CPU
		{78096952-2D9C-4023-A913-1C47F90FBCF6}.Debug|iPhone.Build.0 = Debug|Any CPU
		{78096952-2D9C-4023-A913-1C47F90FBCF6}.Debug|iPhoneSimulator.ActiveCfg = Debug|Any CPU
		{78096952-2D9C-4023-A913-1C47F90FBCF6}.Debug|iPhoneSimulator.Build.0 = Debug|Any CPU
		{78096952-2D9C-4023-A913-1C47F90FBCF6}.Debug|x64.ActiveCfg = Debug|Any CPU
		{78096952-2D9C-4023-A913-1C47F90FBCF6}.Debug|x64.Build.0 = Debug|Any CPU
		{78096952-2D9C-4023-A913-1C47F90FBCF6}.Debug|x86.ActiveCfg = Debug|Any CPU
		{78096952-2D9C-4023-A913-1C47F90FBCF6}.Debug|x86.Build.0 = Debug|Any CPU
		{78096952-2D9C-4023-A913-1C47F90FBCF6}.Release|Any CPU.ActiveCfg = Release|Any CPU
		{78096952-2D9C-4023-A913-1C47F90FBCF6}.Release|Any CPU.Build.0 = Release|Any CPU
		{78096952-2D9C-4023-A913-1C47F90FBCF6}.Release|ARM.ActiveCfg = Release|Any CPU
		{78096952-2D9C-4023-A913-1C47F90FBCF6}.Release|ARM.Build.0 = Release|Any CPU
		{78096952-2D9C-4023-A913-1C47F90FBCF6}.Release|iPhone.ActiveCfg = Release|Any CPU
		{78096952-2D9C-4023-A913-1C47F90FBCF6}.Release|iPhone.Build.0 = Release|Any CPU
		{78096952-2D9C-4023-A913-1C47F90FBCF6}.Release|iPhoneSimulator.ActiveCfg = Release|Any CPU
		{78096952-2D9C-4023-A913-1C47F90FBCF6}.Release|iPhoneSimulator.Build.0 = Release|Any CPU
		{78096952-2D9C-4023-A913-1C47F90FBCF6}.Release|x64.ActiveCfg = Release|Any CPU
		{78096952-2D9C-4023-A913-1C47F90FBCF6}.Release|x64.Build.0 = Release|Any CPU
		{78096952-2D9C-4023-A913-1C47F90FBCF6}.Release|x86.ActiveCfg = Release|Any CPU
		{78096952-2D9C-4023-A913-1C47F90FBCF6}.Release|x86.Build.0 = Release|Any CPU
		{7066EFB1-E5D3-408B-86A6-2A1393B2CE58}.Ad-Hoc|Any CPU.ActiveCfg = Release|Any CPU
		{7066EFB1-E5D3-408B-86A6-2A1393B2CE58}.Ad-Hoc|Any CPU.Build.0 = Release|Any CPU
		{7066EFB1-E5D3-408B-86A6-2A1393B2CE58}.Ad-Hoc|ARM.ActiveCfg = Release|Any CPU
		{7066EFB1-E5D3-408B-86A6-2A1393B2CE58}.Ad-Hoc|ARM.Build.0 = Release|Any CPU
		{7066EFB1-E5D3-408B-86A6-2A1393B2CE58}.Ad-Hoc|iPhone.ActiveCfg = Release|Any CPU
		{7066EFB1-E5D3-408B-86A6-2A1393B2CE58}.Ad-Hoc|iPhone.Build.0 = Release|Any CPU
		{7066EFB1-E5D3-408B-86A6-2A1393B2CE58}.Ad-Hoc|iPhoneSimulator.ActiveCfg = Release|Any CPU
		{7066EFB1-E5D3-408B-86A6-2A1393B2CE58}.Ad-Hoc|iPhoneSimulator.Build.0 = Release|Any CPU
		{7066EFB1-E5D3-408B-86A6-2A1393B2CE58}.Ad-Hoc|x64.ActiveCfg = Release|Any CPU
		{7066EFB1-E5D3-408B-86A6-2A1393B2CE58}.Ad-Hoc|x64.Build.0 = Release|Any CPU
		{7066EFB1-E5D3-408B-86A6-2A1393B2CE58}.Ad-Hoc|x86.ActiveCfg = Release|Any CPU
		{7066EFB1-E5D3-408B-86A6-2A1393B2CE58}.Ad-Hoc|x86.Build.0 = Release|Any CPU
		{7066EFB1-E5D3-408B-86A6-2A1393B2CE58}.AppStore|Any CPU.ActiveCfg = Release|Any CPU
		{7066EFB1-E5D3-408B-86A6-2A1393B2CE58}.AppStore|Any CPU.Build.0 = Release|Any CPU
		{7066EFB1-E5D3-408B-86A6-2A1393B2CE58}.AppStore|ARM.ActiveCfg = Release|Any CPU
		{7066EFB1-E5D3-408B-86A6-2A1393B2CE58}.AppStore|ARM.Build.0 = Release|Any CPU
		{7066EFB1-E5D3-408B-86A6-2A1393B2CE58}.AppStore|iPhone.ActiveCfg = Release|Any CPU
		{7066EFB1-E5D3-408B-86A6-2A1393B2CE58}.AppStore|iPhone.Build.0 = Release|Any CPU
		{7066EFB1-E5D3-408B-86A6-2A1393B2CE58}.AppStore|iPhoneSimulator.ActiveCfg = Release|Any CPU
		{7066EFB1-E5D3-408B-86A6-2A1393B2CE58}.AppStore|iPhoneSimulator.Build.0 = Release|Any CPU
		{7066EFB1-E5D3-408B-86A6-2A1393B2CE58}.AppStore|x64.ActiveCfg = Release|Any CPU
		{7066EFB1-E5D3-408B-86A6-2A1393B2CE58}.AppStore|x64.Build.0 = Release|Any CPU
		{7066EFB1-E5D3-408B-86A6-2A1393B2CE58}.AppStore|x86.ActiveCfg = Release|Any CPU
		{7066EFB1-E5D3-408B-86A6-2A1393B2CE58}.AppStore|x86.Build.0 = Release|Any CPU
		{7066EFB1-E5D3-408B-86A6-2A1393B2CE58}.Debug|Any CPU.ActiveCfg = Debug|Any CPU
		{7066EFB1-E5D3-408B-86A6-2A1393B2CE58}.Debug|Any CPU.Build.0 = Debug|Any CPU
		{7066EFB1-E5D3-408B-86A6-2A1393B2CE58}.Debug|ARM.ActiveCfg = Debug|Any CPU
		{7066EFB1-E5D3-408B-86A6-2A1393B2CE58}.Debug|ARM.Build.0 = Debug|Any CPU
		{7066EFB1-E5D3-408B-86A6-2A1393B2CE58}.Debug|iPhone.ActiveCfg = Debug|Any CPU
		{7066EFB1-E5D3-408B-86A6-2A1393B2CE58}.Debug|iPhone.Build.0 = Debug|Any CPU
		{7066EFB1-E5D3-408B-86A6-2A1393B2CE58}.Debug|iPhoneSimulator.ActiveCfg = Debug|Any CPU
		{7066EFB1-E5D3-408B-86A6-2A1393B2CE58}.Debug|iPhoneSimulator.Build.0 = Debug|Any CPU
		{7066EFB1-E5D3-408B-86A6-2A1393B2CE58}.Debug|x64.ActiveCfg = Debug|Any CPU
		{7066EFB1-E5D3-408B-86A6-2A1393B2CE58}.Debug|x64.Build.0 = Debug|Any CPU
		{7066EFB1-E5D3-408B-86A6-2A1393B2CE58}.Debug|x86.ActiveCfg = Debug|Any CPU
		{7066EFB1-E5D3-408B-86A6-2A1393B2CE58}.Debug|x86.Build.0 = Debug|Any CPU
		{7066EFB1-E5D3-408B-86A6-2A1393B2CE58}.Release|Any CPU.ActiveCfg = Release|Any CPU
		{7066EFB1-E5D3-408B-86A6-2A1393B2CE58}.Release|Any CPU.Build.0 = Release|Any CPU
		{7066EFB1-E5D3-408B-86A6-2A1393B2CE58}.Release|ARM.ActiveCfg = Release|Any CPU
		{7066EFB1-E5D3-408B-86A6-2A1393B2CE58}.Release|ARM.Build.0 = Release|Any CPU
		{7066EFB1-E5D3-408B-86A6-2A1393B2CE58}.Release|iPhone.ActiveCfg = Release|Any CPU
		{7066EFB1-E5D3-408B-86A6-2A1393B2CE58}.Release|iPhone.Build.0 = Release|Any CPU
		{7066EFB1-E5D3-408B-86A6-2A1393B2CE58}.Release|iPhoneSimulator.ActiveCfg = Release|Any CPU
		{7066EFB1-E5D3-408B-86A6-2A1393B2CE58}.Release|iPhoneSimulator.Build.0 = Release|Any CPU
		{7066EFB1-E5D3-408B-86A6-2A1393B2CE58}.Release|x64.ActiveCfg = Release|Any CPU
		{7066EFB1-E5D3-408B-86A6-2A1393B2CE58}.Release|x64.Build.0 = Release|Any CPU
		{7066EFB1-E5D3-408B-86A6-2A1393B2CE58}.Release|x86.ActiveCfg = Release|Any CPU
		{7066EFB1-E5D3-408B-86A6-2A1393B2CE58}.Release|x86.Build.0 = Release|Any CPU
		{056BDACD-327D-4825-BF9E-267BBB590C30}.Ad-Hoc|Any CPU.ActiveCfg = Release|Any CPU
		{056BDACD-327D-4825-BF9E-267BBB590C30}.Ad-Hoc|Any CPU.Build.0 = Release|Any CPU
		{056BDACD-327D-4825-BF9E-267BBB590C30}.Ad-Hoc|ARM.ActiveCfg = Release|Any CPU
		{056BDACD-327D-4825-BF9E-267BBB590C30}.Ad-Hoc|ARM.Build.0 = Release|Any CPU
		{056BDACD-327D-4825-BF9E-267BBB590C30}.Ad-Hoc|iPhone.ActiveCfg = Release|Any CPU
		{056BDACD-327D-4825-BF9E-267BBB590C30}.Ad-Hoc|iPhone.Build.0 = Release|Any CPU
		{056BDACD-327D-4825-BF9E-267BBB590C30}.Ad-Hoc|iPhoneSimulator.ActiveCfg = Release|Any CPU
		{056BDACD-327D-4825-BF9E-267BBB590C30}.Ad-Hoc|iPhoneSimulator.Build.0 = Release|Any CPU
		{056BDACD-327D-4825-BF9E-267BBB590C30}.Ad-Hoc|x64.ActiveCfg = Release|Any CPU
		{056BDACD-327D-4825-BF9E-267BBB590C30}.Ad-Hoc|x64.Build.0 = Release|Any CPU
		{056BDACD-327D-4825-BF9E-267BBB590C30}.Ad-Hoc|x86.ActiveCfg = Release|Any CPU
		{056BDACD-327D-4825-BF9E-267BBB590C30}.Ad-Hoc|x86.Build.0 = Release|Any CPU
		{056BDACD-327D-4825-BF9E-267BBB590C30}.AppStore|Any CPU.ActiveCfg = Release|Any CPU
		{056BDACD-327D-4825-BF9E-267BBB590C30}.AppStore|Any CPU.Build.0 = Release|Any CPU
		{056BDACD-327D-4825-BF9E-267BBB590C30}.AppStore|ARM.ActiveCfg = Release|Any CPU
		{056BDACD-327D-4825-BF9E-267BBB590C30}.AppStore|ARM.Build.0 = Release|Any CPU
		{056BDACD-327D-4825-BF9E-267BBB590C30}.AppStore|iPhone.ActiveCfg = Release|Any CPU
		{056BDACD-327D-4825-BF9E-267BBB590C30}.AppStore|iPhone.Build.0 = Release|Any CPU
		{056BDACD-327D-4825-BF9E-267BBB590C30}.AppStore|iPhoneSimulator.ActiveCfg = Release|Any CPU
		{056BDACD-327D-4825-BF9E-267BBB590C30}.AppStore|iPhoneSimulator.Build.0 = Release|Any CPU
		{056BDACD-327D-4825-BF9E-267BBB590C30}.AppStore|x64.ActiveCfg = Release|Any CPU
		{056BDACD-327D-4825-BF9E-267BBB590C30}.AppStore|x64.Build.0 = Release|Any CPU
		{056BDACD-327D-4825-BF9E-267BBB590C30}.AppStore|x86.ActiveCfg = Release|Any CPU
		{056BDACD-327D-4825-BF9E-267BBB590C30}.AppStore|x86.Build.0 = Release|Any CPU
		{056BDACD-327D-4825-BF9E-267BBB590C30}.Debug|Any CPU.ActiveCfg = Debug|Any CPU
		{056BDACD-327D-4825-BF9E-267BBB590C30}.Debug|Any CPU.Build.0 = Debug|Any CPU
		{056BDACD-327D-4825-BF9E-267BBB590C30}.Debug|ARM.ActiveCfg = Debug|Any CPU
		{056BDACD-327D-4825-BF9E-267BBB590C30}.Debug|ARM.Build.0 = Debug|Any CPU
		{056BDACD-327D-4825-BF9E-267BBB590C30}.Debug|iPhone.ActiveCfg = Debug|Any CPU
		{056BDACD-327D-4825-BF9E-267BBB590C30}.Debug|iPhone.Build.0 = Debug|Any CPU
		{056BDACD-327D-4825-BF9E-267BBB590C30}.Debug|iPhoneSimulator.ActiveCfg = Debug|Any CPU
		{056BDACD-327D-4825-BF9E-267BBB590C30}.Debug|iPhoneSimulator.Build.0 = Debug|Any CPU
		{056BDACD-327D-4825-BF9E-267BBB590C30}.Debug|x64.ActiveCfg = Debug|Any CPU
		{056BDACD-327D-4825-BF9E-267BBB590C30}.Debug|x64.Build.0 = Debug|Any CPU
		{056BDACD-327D-4825-BF9E-267BBB590C30}.Debug|x86.ActiveCfg = Debug|Any CPU
		{056BDACD-327D-4825-BF9E-267BBB590C30}.Debug|x86.Build.0 = Debug|Any CPU
		{056BDACD-327D-4825-BF9E-267BBB590C30}.Release|Any CPU.ActiveCfg = Release|Any CPU
		{056BDACD-327D-4825-BF9E-267BBB590C30}.Release|Any CPU.Build.0 = Release|Any CPU
		{056BDACD-327D-4825-BF9E-267BBB590C30}.Release|ARM.ActiveCfg = Release|Any CPU
		{056BDACD-327D-4825-BF9E-267BBB590C30}.Release|ARM.Build.0 = Release|Any CPU
		{056BDACD-327D-4825-BF9E-267BBB590C30}.Release|iPhone.ActiveCfg = Release|Any CPU
		{056BDACD-327D-4825-BF9E-267BBB590C30}.Release|iPhone.Build.0 = Release|Any CPU
		{056BDACD-327D-4825-BF9E-267BBB590C30}.Release|iPhoneSimulator.ActiveCfg = Release|Any CPU
		{056BDACD-327D-4825-BF9E-267BBB590C30}.Release|iPhoneSimulator.Build.0 = Release|Any CPU
		{056BDACD-327D-4825-BF9E-267BBB590C30}.Release|x64.ActiveCfg = Release|Any CPU
		{056BDACD-327D-4825-BF9E-267BBB590C30}.Release|x64.Build.0 = Release|Any CPU
		{056BDACD-327D-4825-BF9E-267BBB590C30}.Release|x86.ActiveCfg = Release|Any CPU
		{056BDACD-327D-4825-BF9E-267BBB590C30}.Release|x86.Build.0 = Release|Any CPU
	EndGlobalSection
	GlobalSection(SolutionProperties) = preSolution
		HideSolutionNode = FALSE
	EndGlobalSection
	GlobalSection(ExtensibilityGlobals) = postSolution
		SolutionGuid = {0A8F8A95-DB90-417F-8531-5031B56CE2A8}
	EndGlobalSection
EndGlobal
